
Microsoft Visual Studio Solution File, Format Version 12.00
Project("{FAE04EC0-301F-11D3-BF4B-00C04F79EFBC}") = "Aleh_Hramovich_Application", "Aleh_Hramovich_Application\Aleh_Hramovich_Application.csproj", "{805040C8-598D-4467-85B8-4B5B8742A49A}"
EndProject
Project("{FAE04EC0-301F-11D3-BF4B-00C04F79EFBC}") = "CSharpBasics", "CSharpBasics\CSharpBasics.csproj", "{9FFE9F10-76E7-4522-81C7-40A4B4AE2147}"
EndProject
Project("{FAE04EC0-301F-11D3-BF4B-00C04F79EFBC}") = "Cycles", "Cycles\Cycles.csproj", "{6D19C43E-15E2-4A99-8A32-E5CFAA578F32}"
EndProject
Project("{FAE04EC0-301F-11D3-BF4B-00C04F79EFBC}") = "CSharpOOP", "CSharpOOP\CSharpOOP.csproj", "{5AE550A2-A8A1-4A70-A006-C831572F8481}"
EndProject
Project("{FAE04EC0-301F-11D3-BF4B-00C04F79EFBC}") = "CSharpOOP2", "CSharpOOP2\CSharpOOP2.csproj", "{5C809546-6C0F-482C-9B1C-68755CEC8B21}"
EndProject
Project("{FAE04EC0-301F-11D3-BF4B-00C04F79EFBC}") = "CSharpOOP4", "CSharpOOP4\CSharpOOP4.csproj", "{502A4CB0-7BEF-4A52-B950-87AB9453A568}"
EndProject
Project("{FAE04EC0-301F-11D3-BF4B-00C04F79EFBC}") = "CSharpCollections1", "CSharpCollections1\CSharpCollections1.csproj", "{F4441054-3C3B-4ADF-8E6C-33D91994769C}"
EndProject
Project("{FAE04EC0-301F-11D3-BF4B-00C04F79EFBC}") = "CSharpLinq", "CSharpLinq\CSharpLinq.csproj", "{A33A797B-4644-4C24-991C-EB2F66038A95}"
EndProject
Global
	GlobalSection(SolutionConfigurationPlatforms) = preSolution
		Debug|Any CPU = Debug|Any CPU
		Release|Any CPU = Release|Any CPU
	EndGlobalSection
	GlobalSection(ProjectConfigurationPlatforms) = postSolution
		{805040C8-598D-4467-85B8-4B5B8742A49A}.Debug|Any CPU.ActiveCfg = Debug|Any CPU
		{805040C8-598D-4467-85B8-4B5B8742A49A}.Debug|Any CPU.Build.0 = Debug|Any CPU
		{805040C8-598D-4467-85B8-4B5B8742A49A}.Release|Any CPU.ActiveCfg = Release|Any CPU
		{805040C8-598D-4467-85B8-4B5B8742A49A}.Release|Any CPU.Build.0 = Release|Any CPU
		{9FFE9F10-76E7-4522-81C7-40A4B4AE2147}.Debug|Any CPU.ActiveCfg = Debug|Any CPU
		{9FFE9F10-76E7-4522-81C7-40A4B4AE2147}.Debug|Any CPU.Build.0 = Debug|Any CPU
		{9FFE9F10-76E7-4522-81C7-40A4B4AE2147}.Release|Any CPU.ActiveCfg = Release|Any CPU
		{9FFE9F10-76E7-4522-81C7-40A4B4AE2147}.Release|Any CPU.Build.0 = Release|Any CPU
		{6D19C43E-15E2-4A99-8A32-E5CFAA578F32}.Debug|Any CPU.ActiveCfg = Debug|Any CPU
		{6D19C43E-15E2-4A99-8A32-E5CFAA578F32}.Debug|Any CPU.Build.0 = Debug|Any CPU
		{6D19C43E-15E2-4A99-8A32-E5CFAA578F32}.Release|Any CPU.ActiveCfg = Release|Any CPU
		{6D19C43E-15E2-4A99-8A32-E5CFAA578F32}.Release|Any CPU.Build.0 = Release|Any CPU
		{5AE550A2-A8A1-4A70-A006-C831572F8481}.Debug|Any CPU.ActiveCfg = Debug|Any CPU
		{5AE550A2-A8A1-4A70-A006-C831572F8481}.Debug|Any CPU.Build.0 = Debug|Any CPU
		{5AE550A2-A8A1-4A70-A006-C831572F8481}.Release|Any CPU.ActiveCfg = Release|Any CPU
		{5AE550A2-A8A1-4A70-A006-C831572F8481}.Release|Any CPU.Build.0 = Release|Any CPU
		{5C809546-6C0F-482C-9B1C-68755CEC8B21}.Debug|Any CPU.ActiveCfg = Debug|Any CPU
		{5C809546-6C0F-482C-9B1C-68755CEC8B21}.Debug|Any CPU.Build.0 = Debug|Any CPU
		{5C809546-6C0F-482C-9B1C-68755CEC8B21}.Release|Any CPU.ActiveCfg = Release|Any CPU
		{5C809546-6C0F-482C-9B1C-68755CEC8B21}.Release|Any CPU.Build.0 = Release|Any CPU
		{502A4CB0-7BEF-4A52-B950-87AB9453A568}.Debug|Any CPU.ActiveCfg = Debug|Any CPU
		{502A4CB0-7BEF-4A52-B950-87AB9453A568}.Debug|Any CPU.Build.0 = Debug|Any CPU
		{502A4CB0-7BEF-4A52-B950-87AB9453A568}.Release|Any CPU.ActiveCfg = Release|Any CPU
		{502A4CB0-7BEF-4A52-B950-87AB9453A568}.Release|Any CPU.Build.0 = Release|Any CPU
		{F4441054-3C3B-4ADF-8E6C-33D91994769C}.Debug|Any CPU.ActiveCfg = Debug|Any CPU
		{F4441054-3C3B-4ADF-8E6C-33D91994769C}.Debug|Any CPU.Build.0 = Debug|Any CPU
		{F4441054-3C3B-4ADF-8E6C-33D91994769C}.Release|Any CPU.ActiveCfg = Release|Any CPU
		{F4441054-3C3B-4ADF-8E6C-33D91994769C}.Release|Any CPU.Build.0 = Release|Any CPU
		{A33A797B-4644-4C24-991C-EB2F66038A95}.Debug|Any CPU.ActiveCfg = Debug|Any CPU
		{A33A797B-4644-4C24-991C-EB2F66038A95}.Debug|Any CPU.Build.0 = Debug|Any CPU
		{A33A797B-4644-4C24-991C-EB2F66038A95}.Release|Any CPU.ActiveCfg = Release|Any CPU
		{A33A797B-4644-4C24-991C-EB2F66038A95}.Release|Any CPU.Build.0 = Release|Any CPU
	EndGlobalSection
EndGlobal
